
Microsoft Visual Studio Solution File, Format Version 12.00
# Visual Studio Version 16
VisualStudioVersion = 16.0.32407.337
MinimumVisualStudioVersion = 10.0.40219.1
Project("{FAE04EC0-301F-11D3-BF4B-00C04F79EFBC}") = "NDP_PROJE_DENEME_1", "NDP_PROJE_DENEME_1\NDP_PROJE_DENEME_1.csproj", "{7AE7B582-2801-4BE6-9959-0BFAA9EB435D}"
EndProject
Global
	GlobalSection(SolutionConfigurationPlatforms) = preSolution
		Debug|Any CPU = Debug|Any CPU
		Release|Any CPU = Release|Any CPU
	EndGlobalSection
	GlobalSection(ProjectConfigurationPlatforms) = postSolution
		{7AE7B582-2801-4BE6-9959-0BFAA9EB435D}.Debug|Any CPU.ActiveCfg = Debug|Any CPU
		{7AE7B582-2801-4BE6-9959-0BFAA9EB435D}.Debug|Any CPU.Build.0 = Debug|Any CPU
		{7AE7B582-2801-4BE6-9959-0BFAA9EB435D}.Release|Any CPU.ActiveCfg = Release|Any CPU
		{7AE7B582-2801-4BE6-9959-0BFAA9EB435D}.Release|Any CPU.Build.0 = Release|Any CPU
	EndGlobalSection
	GlobalSection(SolutionProperties) = preSolution
		HideSolutionNode = FALSE
	EndGlobalSection
	GlobalSection(ExtensibilityGlobals) = postSolution
		SolutionGuid = {177E12E3-BBEF-45C8-8347-EC19D2E1962B}
	EndGlobalSection
EndGlobal
